
Microsoft Visual Studio Solution File, Format Version 12.00
# Visual Studio Version 17
VisualStudioVersion = 17.6.33815.320
MinimumVisualStudioVersion = 10.0.40219.1
Project("{9A19103F-16F7-4668-BE54-9A1E7A4F7556}") = "ProjectNomad.Server", "ProjectNomad\Server\ProjectNomad.Server.csproj", "{F718FD9D-9EA3-4960-8001-9E4298401202}"
EndProject
Project("{9A19103F-16F7-4668-BE54-9A1E7A4F7556}") = "ProjectNomad.Client", "ProjectNomad\Client\ProjectNomad.Client.csproj", "{6D5CF5B0-00A9-44EF-A0F9-143BA14239F7}"
EndProject
Project("{9A19103F-16F7-4668-BE54-9A1E7A4F7556}") = "ProjectNomad.Shared", "ProjectNomad\Shared\ProjectNomad.Shared.csproj", "{3BE37085-E212-449B-BFEC-36069D4FB7D3}"
EndProject
Project("{2150E333-8FDC-42A3-9474-1A3956D46DE8}") = "Modules", "Modules", "{A5A42E4E-E216-43A8-8F25-D1BD9CEDC747}"
EndProject
Project("{9A19103F-16F7-4668-BE54-9A1E7A4F7556}") = "AccountModule", "PlayerAccount\AccountModule.csproj", "{E9BC3754-14F9-465F-8FE2-DEEC657399B4}"
EndProject
Project("{9A19103F-16F7-4668-BE54-9A1E7A4F7556}") = "GameModule", "GameModule\GameModule.csproj", "{FBA53669-3BC6-4B63-93ED-C665A1215665}"
EndProject
Project("{2150E333-8FDC-42A3-9474-1A3956D46DE8}") = "Shared", "Shared", "{D06C8AA5-762B-44AD-BAFA-07488C38373F}"
EndProject
Project("{9A19103F-16F7-4668-BE54-9A1E7A4F7556}") = "NotificationModule", "NotificationModule\NotificationModule.csproj", "{1151616E-D538-45B1-8A8E-6A6196151C52}"
EndProject
Global
	GlobalSection(SolutionConfigurationPlatforms) = preSolution
		Debug|Any CPU = Debug|Any CPU
		Release|Any CPU = Release|Any CPU
	EndGlobalSection
	GlobalSection(ProjectConfigurationPlatforms) = postSolution
		{F718FD9D-9EA3-4960-8001-9E4298401202}.Debug|Any CPU.ActiveCfg = Debug|Any CPU
		{F718FD9D-9EA3-4960-8001-9E4298401202}.Debug|Any CPU.Build.0 = Debug|Any CPU
		{F718FD9D-9EA3-4960-8001-9E4298401202}.Release|Any CPU.ActiveCfg = Release|Any CPU
		{F718FD9D-9EA3-4960-8001-9E4298401202}.Release|Any CPU.Build.0 = Release|Any CPU
		{6D5CF5B0-00A9-44EF-A0F9-143BA14239F7}.Debug|Any CPU.ActiveCfg = Debug|Any CPU
		{6D5CF5B0-00A9-44EF-A0F9-143BA14239F7}.Debug|Any CPU.Build.0 = Debug|Any CPU
		{6D5CF5B0-00A9-44EF-A0F9-143BA14239F7}.Release|Any CPU.ActiveCfg = Release|Any CPU
		{6D5CF5B0-00A9-44EF-A0F9-143BA14239F7}.Release|Any CPU.Build.0 = Release|Any CPU
		{3BE37085-E212-449B-BFEC-36069D4FB7D3}.Debug|Any CPU.ActiveCfg = Debug|Any CPU
		{3BE37085-E212-449B-BFEC-36069D4FB7D3}.Debug|Any CPU.Build.0 = Debug|Any CPU
		{3BE37085-E212-449B-BFEC-36069D4FB7D3}.Release|Any CPU.ActiveCfg = Release|Any CPU
		{3BE37085-E212-449B-BFEC-36069D4FB7D3}.Release|Any CPU.Build.0 = Release|Any CPU
		{E9BC3754-14F9-465F-8FE2-DEEC657399B4}.Debug|Any CPU.ActiveCfg = Debug|Any CPU
		{E9BC3754-14F9-465F-8FE2-DEEC657399B4}.Debug|Any CPU.Build.0 = Debug|Any CPU
		{E9BC3754-14F9-465F-8FE2-DEEC657399B4}.Release|Any CPU.ActiveCfg = Release|Any CPU
		{E9BC3754-14F9-465F-8FE2-DEEC657399B4}.Release|Any CPU.Build.0 = Release|Any CPU
		{FBA53669-3BC6-4B63-93ED-C665A1215665}.Debug|Any CPU.ActiveCfg = Debug|Any CPU
		{FBA53669-3BC6-4B63-93ED-C665A1215665}.Debug|Any CPU.Build.0 = Debug|Any CPU
		{FBA53669-3BC6-4B63-93ED-C665A1215665}.Release|Any CPU.ActiveCfg = Release|Any CPU
		{FBA53669-3BC6-4B63-93ED-C665A1215665}.Release|Any CPU.Build.0 = Release|Any CPU
		{1151616E-D538-45B1-8A8E-6A6196151C52}.Debug|Any CPU.ActiveCfg = Debug|Any CPU
		{1151616E-D538-45B1-8A8E-6A6196151C52}.Debug|Any CPU.Build.0 = Debug|Any CPU
		{1151616E-D538-45B1-8A8E-6A6196151C52}.Release|Any CPU.ActiveCfg = Release|Any CPU
		{1151616E-D538-45B1-8A8E-6A6196151C52}.Release|Any CPU.Build.0 = Release|Any CPU
	EndGlobalSection
	GlobalSection(SolutionProperties) = preSolution
		HideSolutionNode = FALSE
	EndGlobalSection
	GlobalSection(NestedProjects) = preSolution
		{E9BC3754-14F9-465F-8FE2-DEEC657399B4} = {A5A42E4E-E216-43A8-8F25-D1BD9CEDC747}
		{FBA53669-3BC6-4B63-93ED-C665A1215665} = {A5A42E4E-E216-43A8-8F25-D1BD9CEDC747}
		{D06C8AA5-762B-44AD-BAFA-07488C38373F} = {A5A42E4E-E216-43A8-8F25-D1BD9CEDC747}
		{1151616E-D538-45B1-8A8E-6A6196151C52} = {D06C8AA5-762B-44AD-BAFA-07488C38373F}
	EndGlobalSection
	GlobalSection(ExtensibilityGlobals) = postSolution
		SolutionGuid = {0A235CF1-F378-422C-BAD9-6D2435A1F0CE}
	EndGlobalSection
EndGlobal
